
Microsoft Visual Studio Solution File, Format Version 12.00
# Visual Studio Version 16
VisualStudioVersion = 16.0.30225.117
MinimumVisualStudioVersion = 10.0.40219.1
Project("{8BC9CEB8-8B4A-11D0-8D11-00A0C91BC942}") = "ConsoleApplication11", "ConsoleApplication11\ConsoleApplication11.vcxproj", "{B7837AB3-900B-4B31-BB61-77979BCBC5C4}"
EndProject
Global
	GlobalSection(SolutionConfigurationPlatforms) = preSolution
		Debug|x64 = Debug|x64
		Debug|x86 = Debug|x86
		Release|x64 = Release|x64
		Release|x86 = Release|x86
	EndGlobalSection
	GlobalSection(ProjectConfigurationPlatforms) = postSolution
		{B7837AB3-900B-4B31-BB61-77979BCBC5C4}.Debug|x64.ActiveCfg = Debug|x64
		{B7837AB3-900B-4B31-BB61-77979BCBC5C4}.Debug|x64.Build.0 = Debug|x64
		{B7837AB3-900B-4B31-BB61-77979BCBC5C4}.Debug|x86.ActiveCfg = Debug|Win32
		{B7837AB3-900B-4B31-BB61-77979BCBC5C4}.Debug|x86.Build.0 = Debug|Win32
		{B7837AB3-900B-4B31-BB61-77979BCBC5C4}.Release|x64.ActiveCfg = Release|x64
		{B7837AB3-900B-4B31-BB61-77979BCBC5C4}.Release|x64.Build.0 = Release|x64
		{B7837AB3-900B-4B31-BB61-77979BCBC5C4}.Release|x86.ActiveCfg = Release|Win32
		{B7837AB3-900B-4B31-BB61-77979BCBC5C4}.Release|x86.Build.0 = Release|Win32
	EndGlobalSection
	GlobalSection(SolutionProperties) = preSolution
		HideSolutionNode = FALSE
	EndGlobalSection
	GlobalSection(ExtensibilityGlobals) = postSolution
		SolutionGuid = {306CDA21-EDA9-4037-9144-BACD2EC32073}
	EndGlobalSection
EndGlobal
